
Microsoft Visual Studio Solution File, Format Version 12.00
Project("{FAE04EC0-301F-11D3-BF4B-00C04F79EFBC}") = "Cheese", "Cheese\Cheese.csproj", "{C3C69317-9B9A-41E4-876D-8A683693291F}"
EndProject
Global
	GlobalSection(SolutionConfigurationPlatforms) = preSolution
		Debug|Any CPU = Debug|Any CPU
		Release|Any CPU = Release|Any CPU
	EndGlobalSection
	GlobalSection(ProjectConfigurationPlatforms) = postSolution
		{C3C69317-9B9A-41E4-876D-8A683693291F}.Debug|Any CPU.ActiveCfg = Debug|Any CPU
		{C3C69317-9B9A-41E4-876D-8A683693291F}.Debug|Any CPU.Build.0 = Debug|Any CPU
		{C3C69317-9B9A-41E4-876D-8A683693291F}.Release|Any CPU.ActiveCfg = Release|Any CPU
		{C3C69317-9B9A-41E4-876D-8A683693291F}.Release|Any CPU.Build.0 = Release|Any CPU
	EndGlobalSection
EndGlobal
